
Microsoft Visual Studio Solution File, Format Version 12.00
# Visual Studio Version 16
VisualStudioVersion = 16.0.31515.178
MinimumVisualStudioVersion = 10.0.40219.1
Project("{FAE04EC0-301F-11D3-BF4B-00C04F79EFBC}") = "teachercoolapi", "teachercoolapi\teachercoolapi.csproj", "{CDC78122-3C96-4E76-9A45-6085C7E347F6}"
EndProject
Project("{FAE04EC0-301F-11D3-BF4B-00C04F79EFBC}") = "teachercooladmin", "teachercooladmin\teachercooladmin.csproj", "{A5460286-A3FF-4F38-9CB4-4A3866928851}"
EndProject
Global
	GlobalSection(SolutionConfigurationPlatforms) = preSolution
		Debug|Any CPU = Debug|Any CPU
		Release|Any CPU = Release|Any CPU
	EndGlobalSection
	GlobalSection(ProjectConfigurationPlatforms) = postSolution
		{CDC78122-3C96-4E76-9A45-6085C7E347F6}.Debug|Any CPU.ActiveCfg = Debug|Any CPU
		{CDC78122-3C96-4E76-9A45-6085C7E347F6}.Debug|Any CPU.Build.0 = Debug|Any CPU
		{CDC78122-3C96-4E76-9A45-6085C7E347F6}.Release|Any CPU.ActiveCfg = Release|Any CPU
		{CDC78122-3C96-4E76-9A45-6085C7E347F6}.Release|Any CPU.Build.0 = Release|Any CPU
		{A5460286-A3FF-4F38-9CB4-4A3866928851}.Debug|Any CPU.ActiveCfg = Debug|Any CPU
		{A5460286-A3FF-4F38-9CB4-4A3866928851}.Debug|Any CPU.Build.0 = Debug|Any CPU
		{A5460286-A3FF-4F38-9CB4-4A3866928851}.Release|Any CPU.ActiveCfg = Release|Any CPU
		{A5460286-A3FF-4F38-9CB4-4A3866928851}.Release|Any CPU.Build.0 = Release|Any CPU
	EndGlobalSection
	GlobalSection(SolutionProperties) = preSolution
		HideSolutionNode = FALSE
	EndGlobalSection
	GlobalSection(ExtensibilityGlobals) = postSolution
		SolutionGuid = {37975F8D-B316-458B-9197-CD63117D9BF6}
	EndGlobalSection
EndGlobal
